
Microsoft Visual Studio Solution File, Format Version 12.00
# Visual Studio Version 16
VisualStudioVersion = 16.0.32126.315
MinimumVisualStudioVersion = 10.0.40219.1
Project("{FAE04EC0-301F-11D3-BF4B-00C04F79EFBC}") = "RPECal.Android", "RPECal\RPECal.Android\RPECal.Android.csproj", "{2D887BF1-FCA1-463E-BE62-268CBF1F952B}"
EndProject
Project("{FAE04EC0-301F-11D3-BF4B-00C04F79EFBC}") = "RPECal.iOS", "RPECal\RPECal.iOS\RPECal.iOS.csproj", "{1AEDC9D5-1AC0-40E2-92B1-DD6362F7EACA}"
EndProject
Project("{FAE04EC0-301F-11D3-BF4B-00C04F79EFBC}") = "RPECal", "RPECal\RPECal\RPECal.csproj", "{B1CE8666-DB78-4AF5-A21C-41DF7D77CA72}"
EndProject
Global
	GlobalSection(SolutionConfigurationPlatforms) = preSolution
		Debug|Any CPU = Debug|Any CPU
		Debug|iPhone = Debug|iPhone
		Debug|iPhoneSimulator = Debug|iPhoneSimulator
		Release|Any CPU = Release|Any CPU
		Release|iPhone = Release|iPhone
		Release|iPhoneSimulator = Release|iPhoneSimulator
	EndGlobalSection
	GlobalSection(ProjectConfigurationPlatforms) = postSolution
		{2D887BF1-FCA1-463E-BE62-268CBF1F952B}.Debug|Any CPU.ActiveCfg = Debug|Any CPU
		{2D887BF1-FCA1-463E-BE62-268CBF1F952B}.Debug|Any CPU.Build.0 = Debug|Any CPU
		{2D887BF1-FCA1-463E-BE62-268CBF1F952B}.Debug|Any CPU.Deploy.0 = Debug|Any CPU
		{2D887BF1-FCA1-463E-BE62-268CBF1F952B}.Debug|iPhone.ActiveCfg = Debug|Any CPU
		{2D887BF1-FCA1-463E-BE62-268CBF1F952B}.Debug|iPhone.Build.0 = Debug|Any CPU
		{2D887BF1-FCA1-463E-BE62-268CBF1F952B}.Debug|iPhone.Deploy.0 = Debug|Any CPU
		{2D887BF1-FCA1-463E-BE62-268CBF1F952B}.Debug|iPhoneSimulator.ActiveCfg = Debug|Any CPU
		{2D887BF1-FCA1-463E-BE62-268CBF1F952B}.Debug|iPhoneSimulator.Build.0 = Debug|Any CPU
		{2D887BF1-FCA1-463E-BE62-268CBF1F952B}.Debug|iPhoneSimulator.Deploy.0 = Debug|Any CPU
		{2D887BF1-FCA1-463E-BE62-268CBF1F952B}.Release|Any CPU.ActiveCfg = Release|Any CPU
		{2D887BF1-FCA1-463E-BE62-268CBF1F952B}.Release|Any CPU.Build.0 = Release|Any CPU
		{2D887BF1-FCA1-463E-BE62-268CBF1F952B}.Release|Any CPU.Deploy.0 = Release|Any CPU
		{2D887BF1-FCA1-463E-BE62-268CBF1F952B}.Release|iPhone.ActiveCfg = Release|Any CPU
		{2D887BF1-FCA1-463E-BE62-268CBF1F952B}.Release|iPhone.Build.0 = Release|Any CPU
		{2D887BF1-FCA1-463E-BE62-268CBF1F952B}.Release|iPhone.Deploy.0 = Release|Any CPU
		{2D887BF1-FCA1-463E-BE62-268CBF1F952B}.Release|iPhoneSimulator.ActiveCfg = Release|Any CPU
		{2D887BF1-FCA1-463E-BE62-268CBF1F952B}.Release|iPhoneSimulator.Build.0 = Release|Any CPU
		{2D887BF1-FCA1-463E-BE62-268CBF1F952B}.Release|iPhoneSimulator.Deploy.0 = Release|Any CPU
		{1AEDC9D5-1AC0-40E2-92B1-DD6362F7EACA}.Debug|Any CPU.ActiveCfg = Debug|iPhone
		{1AEDC9D5-1AC0-40E2-92B1-DD6362F7EACA}.Debug|Any CPU.Build.0 = Debug|iPhone
		{1AEDC9D5-1AC0-40E2-92B1-DD6362F7EACA}.Debug|Any CPU.Deploy.0 = Debug|iPhone
		{1AEDC9D5-1AC0-40E2-92B1-DD6362F7EACA}.Debug|iPhone.ActiveCfg = Debug|iPhone
		{1AEDC9D5-1AC0-40E2-92B1-DD6362F7EACA}.Debug|iPhone.Build.0 = Debug|iPhone
		{1AEDC9D5-1AC0-40E2-92B1-DD6362F7EACA}.Debug|iPhone.Deploy.0 = Debug|iPhone
		{1AEDC9D5-1AC0-40E2-92B1-DD6362F7EACA}.Debug|iPhoneSimulator.ActiveCfg = Debug|iPhoneSimulator
		{1AEDC9D5-1AC0-40E2-92B1-DD6362F7EACA}.Debug|iPhoneSimulator.Build.0 = Debug|iPhoneSimulator
		{1AEDC9D5-1AC0-40E2-92B1-DD6362F7EACA}.Debug|iPhoneSimulator.Deploy.0 = Debug|iPhoneSimulator
		{1AEDC9D5-1AC0-40E2-92B1-DD6362F7EACA}.Release|Any CPU.ActiveCfg = Release|iPhoneSimulator
		{1AEDC9D5-1AC0-40E2-92B1-DD6362F7EACA}.Release|Any CPU.Build.0 = Release|iPhoneSimulator
		{1AEDC9D5-1AC0-40E2-92B1-DD6362F7EACA}.Release|Any CPU.Deploy.0 = Release|iPhoneSimulator
		{1AEDC9D5-1AC0-40E2-92B1-DD6362F7EACA}.Release|iPhone.ActiveCfg = Release|iPhone
		{1AEDC9D5-1AC0-40E2-92B1-DD6362F7EACA}.Release|iPhone.Build.0 = Release|iPhone
		{1AEDC9D5-1AC0-40E2-92B1-DD6362F7EACA}.Release|iPhone.Deploy.0 = Release|iPhone
		{1AEDC9D5-1AC0-40E2-92B1-DD6362F7EACA}.Release|iPhoneSimulator.ActiveCfg = Release|iPhoneSimulator
		{1AEDC9D5-1AC0-40E2-92B1-DD6362F7EACA}.Release|iPhoneSimulator.Build.0 = Release|iPhoneSimulator
		{1AEDC9D5-1AC0-40E2-92B1-DD6362F7EACA}.Release|iPhoneSimulator.Deploy.0 = Release|iPhoneSimulator
		{B1CE8666-DB78-4AF5-A21C-41DF7D77CA72}.Debug|Any CPU.ActiveCfg = Debug|Any CPU
		{B1CE8666-DB78-4AF5-A21C-41DF7D77CA72}.Debug|Any CPU.Build.0 = Debug|Any CPU
		{B1CE8666-DB78-4AF5-A21C-41DF7D77CA72}.Debug|Any CPU.Deploy.0 = Debug|Any CPU
		{B1CE8666-DB78-4AF5-A21C-41DF7D77CA72}.Debug|iPhone.ActiveCfg = Debug|Any CPU
		{B1CE8666-DB78-4AF5-A21C-41DF7D77CA72}.Debug|iPhone.Build.0 = Debug|Any CPU
		{B1CE8666-DB78-4AF5-A21C-41DF7D77CA72}.Debug|iPhone.Deploy.0 = Debug|Any CPU
		{B1CE8666-DB78-4AF5-A21C-41DF7D77CA72}.Debug|iPhoneSimulator.ActiveCfg = Debug|Any CPU
		{B1CE8666-DB78-4AF5-A21C-41DF7D77CA72}.Debug|iPhoneSimulator.Build.0 = Debug|Any CPU
		{B1CE8666-DB78-4AF5-A21C-41DF7D77CA72}.Debug|iPhoneSimulator.Deploy.0 = Debug|Any CPU
		{B1CE8666-DB78-4AF5-A21C-41DF7D77CA72}.Release|Any CPU.ActiveCfg = Release|Any CPU
		{B1CE8666-DB78-4AF5-A21C-41DF7D77CA72}.Release|Any CPU.Build.0 = Release|Any CPU
		{B1CE8666-DB78-4AF5-A21C-41DF7D77CA72}.Release|Any CPU.Deploy.0 = Release|Any CPU
		{B1CE8666-DB78-4AF5-A21C-41DF7D77CA72}.Release|iPhone.ActiveCfg = Release|Any CPU
		{B1CE8666-DB78-4AF5-A21C-41DF7D77CA72}.Release|iPhone.Build.0 = Release|Any CPU
		{B1CE8666-DB78-4AF5-A21C-41DF7D77CA72}.Release|iPhone.Deploy.0 = Release|Any CPU
		{B1CE8666-DB78-4AF5-A21C-41DF7D77CA72}.Release|iPhoneSimulator.ActiveCfg = Release|Any CPU
		{B1CE8666-DB78-4AF5-A21C-41DF7D77CA72}.Release|iPhoneSimulator.Build.0 = Release|Any CPU
		{B1CE8666-DB78-4AF5-A21C-41DF7D77CA72}.Release|iPhoneSimulator.Deploy.0 = Release|Any CPU
	EndGlobalSection
	GlobalSection(SolutionProperties) = preSolution
		HideSolutionNode = FALSE
	EndGlobalSection
	GlobalSection(ExtensibilityGlobals) = postSolution
		SolutionGuid = {5007317E-CBBC-4EF3-882C-2E6A68862FCD}
	EndGlobalSection
EndGlobal
